general:
  name: sit_snow_block
  seed: 0
  n_frames: 2400
  dt: 0.0008333333333333334
  boundary: wall
  dim: 3
  world:
  - 0.5
  - 0.5
  - 0.5
  save_data: false
  units:
    length_um: 1000000.0
    time_s: 1.0
    force_nN: 1000000000.0
sets:
  cell:
    n: 1
    start:
    - - 0.25
      - 0.3
      - 0.25
    types:
      snow:
        fraction: 1.0
        block:
        - 0.185
        - 0.25
        - 0.185
        - 0.315
        - 0.41
        - 0.315
        layers:
        - frac: 1.0
          material: snow
          youngs: 500000.0
        youngs: 500000.0
        material: snow
  mpm_particle:
    parent: cell
    per_parent: 1224870
    radius: 0.09
    density: 400.0
    particle_mass: 8.83032e-07
fields:
  mpm_grid:
    frame: mpm_grid
    n_grid: 192
operators:
- op: gravity
  at: cell
  g: 9.81
- op: mpm_strain
  at: mpm_particle
  implementation: warp
- op: mpm_scatter
  at: mpm_particle
  to: mpm_grid
  drag: 0.0
  a_max: 200.0
  implementation: warp
  polar: higham
- op: mpm_grid_update
  at: mpm_grid
  wall_damp: 0.6
  surface_tension: 0.0
  csf_rho: 400.0
- op: mpm_gather
  at: mpm_particle
  from: mpm_grid
  wall_damp: 0.6
  vmax: 1000000000.0
  implementation: warp
schedule:
- gravity
- substep_dt: 2.777778e-05
  steps:
  - mpm_strain
  - mpm_scatter
  - mpm_grid_update
  - mpm_gather
plotting:
  background: black
  up_axis: 1
  camera_elev: 1.18
  camera_zoom: 0.0
  box_frame: true
  hide_sets:
  - cell
  dot_size: 1.2
  render_3d: dots
  splat_size: 2.6
  splat_res: 560
  camera_turns: 0.0
  colors:
    snow:
    - 0.92
    - 0.95
    - 1.0
  slow_motion: 4
